Microsoft Visual Studio Solution File, Format Version 12.00
# Visual Studio Version 16
VisualStudioVersion = 16.0.0.0
MinimumVisualStudioVersion = 16.0.0.0
Project("{9A19103F-16F7-4668-BE54-9A1E7A4F7556}") = "ThriveDevCenter.Server", "Server\ThriveDevCenter.Server.csproj", "{0A1B2756-F002-40D9-A557-285AC59CDF17}"
EndProject
Project("{9A19103F-16F7-4668-BE54-9A1E7A4F7556}") = "ThriveDevCenter.Client", "Client\ThriveDevCenter.Client.csproj", "{84B61735-6CFC-4EBE-AE84-3B6538683898}"
EndProject
Project("{9A19103F-16F7-4668-BE54-9A1E7A4F7556}") = "ThriveDevCenter.Shared", "Shared\ThriveDevCenter.Shared.csproj", "{82B20203-FDC5-4462-A7D0-2BC7FF5866B9}"
EndProject
Project("{FAE04EC0-301F-11D3-BF4B-00C04F79EFBC}") = "ThriveDevCenter.Shared.Tests", "Shared.Tests\ThriveDevCenter.Shared.Tests.csproj", "{E25BC55E-BE3A-49C4-ACAF-D2E235515E6A}"
EndProject
Project("{FAE04EC0-301F-11D3-BF4B-00C04F79EFBC}") = "ThriveDevCenter.Server.Tests", "Server.Tests\ThriveDevCenter.Server.Tests.csproj", "{6A576157-A970-4D63-A5F5-7E925F9A51A3}"
EndProject
Project("{FAE04EC0-301F-11D3-BF4B-00C04F79EFBC}") = "ThriveDevCenter.Client.Tests", "Client.Tests\ThriveDevCenter.Client.Tests.csproj", "{AE0EA146-EFB2-4A45-8665-9C276EA58B73}"
EndProject
Project("{FAE04EC0-301F-11D3-BF4B-00C04F79EFBC}") = "AutomatedUITests", "AutomatedUITests\AutomatedUITests.csproj", "{47CCB067-608E-4BDF-835B-F7B4A77FEAA9}"
EndProject
Project("{FAE04EC0-301F-11D3-BF4B-00C04F79EFBC}") = "CIExecutor", "CIExecutor\CIExecutor.csproj", "{C174ADDA-FE8E-452B-84B4-E1A1F5A38138}"
EndProject
Project("{FAE04EC0-301F-11D3-BF4B-00C04F79EFBC}") = "ThriveDevCenter.Server.Common", "Server.Common\ThriveDevCenter.Server.Common.csproj", "{06016EE6-CFA2-4905-8931-20CE2EF3C1B0}"
EndProject
Project("{FAE04EC0-301F-11D3-BF4B-00C04F79EFBC}") = "FeedParser", "RevolutionaryGamesCommon\FeedParser\FeedParser.csproj", "{D390E9F8-8E32-48FB-BC56-56ED451F2F5A}"
EndProject
Project("{FAE04EC0-301F-11D3-BF4B-00C04F79EFBC}") = "FeedParser.Shared", "RevolutionaryGamesCommon\FeedParser.Shared\FeedParser.Shared.csproj", "{89DDEE6D-6212-46C2-8EFD-334D73C669B6}"
EndProject
Project("{FAE04EC0-301F-11D3-BF4B-00C04F79EFBC}") = "SharedBase", "RevolutionaryGamesCommon\SharedBase\SharedBase.csproj", "{08BA0272-770D-4A81-B692-77C88303001F}"
EndProject
Project("{FAE04EC0-301F-11D3-BF4B-00C04F79EFBC}") = "FeedParser.Tests", "RevolutionaryGamesCommon\FeedParser.Tests\FeedParser.Tests.csproj", "{417CA06D-8840-430B-B254-47775B088369}"
EndProject
Project("{FAE04EC0-301F-11D3-BF4B-00C04F79EFBC}") = "TestUtilities", "RevolutionaryGamesCommon\TestUtilities\TestUtilities.csproj", "{5FAB8BD7-1B47-4A80-A9E4-BF229F5BEA8F}"
EndProject
Project("{FAE04EC0-301F-11D3-BF4B-00C04F79EFBC}") = "Scripts", "Scripts\Scripts.csproj", "{F1FB5DAD-6928-44F9-95C6-881FC797F719}"
EndProject
Project("{FAE04EC0-301F-11D3-BF4B-00C04F79EFBC}") = "ScriptsBase", "RevolutionaryGamesCommon\ScriptsBase\ScriptsBase.csproj", "{22574600-7350-4A79-8EB2-9DC09C7CD9D7}"
EndProject
Project("{FAE04EC0-301F-11D3-BF4B-00C04F79EFBC}") = "DevCenterCommunication", "RevolutionaryGamesCommon\DevCenterCommunication\DevCenterCommunication.csproj", "{D782C2EF-CD26-4B8C-9AA5-3805BC940128}"
EndProject
Global
	GlobalSection(SolutionConfigurationPlatforms) = preSolution
		Debug|Any CPU = Debug|Any CPU
		Debug|x64 = Debug|x64
		Debug|x86 = Debug|x86
		Release|Any CPU = Release|Any CPU
		Release|x64 = Release|x64
		Release|x86 = Release|x86
	EndGlobalSection
	GlobalSection(ProjectConfigurationPlatforms) = postSolution
		{84B61735-6CFC-4EBE-AE84-3B6538683898}.Debug|Any CPU.ActiveCfg = Debug|Any CPU
		{84B61735-6CFC-4EBE-AE84-3B6538683898}.Debug|Any CPU.Build.0 = Debug|Any CPU
		{84B61735-6CFC-4EBE-AE84-3B6538683898}.Debug|x64.ActiveCfg = Debug|Any CPU
		{84B61735-6CFC-4EBE-AE84-3B6538683898}.Debug|x64.Build.0 = Debug|Any CPU
		{84B61735-6CFC-4EBE-AE84-3B6538683898}.Debug|x86.ActiveCfg = Debug|Any CPU
		{84B61735-6CFC-4EBE-AE84-3B6538683898}.Debug|x86.Build.0 = Debug|Any CPU
		{84B61735-6CFC-4EBE-AE84-3B6538683898}.Release|Any CPU.ActiveCfg = Release|Any CPU
		{84B61735-6CFC-4EBE-AE84-3B6538683898}.Release|Any CPU.Build.0 = Release|Any CPU
		{84B61735-6CFC-4EBE-AE84-3B6538683898}.Release|x64.ActiveCfg = Release|Any CPU
		{84B61735-6CFC-4EBE-AE84-3B6538683898}.Release|x64.Build.0 = Release|Any CPU
		{84B61735-6CFC-4EBE-AE84-3B6538683898}.Release|x86.ActiveCfg = Release|Any CPU
		{84B61735-6CFC-4EBE-AE84-3B6538683898}.Release|x86.Build.0 = Release|Any CPU
		{0A1B2756-F002-40D9-A557-285AC59CDF17}.Debug|Any CPU.ActiveCfg = Debug|Any CPU
		{0A1B2756-F002-40D9-A557-285AC59CDF17}.Debug|Any CPU.Build.0 = Debug|Any CPU
		{0A1B2756-F002-40D9-A557-285AC59CDF17}.Debug|x64.ActiveCfg = Debug|Any CPU
		{0A1B2756-F002-40D9-A557-285AC59CDF17}.Debug|x64.Build.0 = Debug|Any CPU
		{0A1B2756-F002-40D9-A557-285AC59CDF17}.Debug|x86.ActiveCfg = Debug|Any CPU
		{0A1B2756-F002-40D9-A557-285AC59CDF17}.Debug|x86.Build.0 = Debug|Any CPU
		{0A1B2756-F002-40D9-A557-285AC59CDF17}.Release|Any CPU.ActiveCfg = Release|Any CPU
		{0A1B2756-F002-40D9-A557-285AC59CDF17}.Release|Any CPU.Build.0 = Release|Any CPU
		{0A1B2756-F002-40D9-A557-285AC59CDF17}.Release|x64.ActiveCfg = Release|Any CPU
		{0A1B2756-F002-40D9-A557-285AC59CDF17}.Release|x64.Build.0 = Release|Any CPU
		{0A1B2756-F002-40D9-A557-285AC59CDF17}.Release|x86.ActiveCfg = Release|Any CPU
		{0A1B2756-F002-40D9-A557-285AC59CDF17}.Release|x86.Build.0 = Release|Any CPU
		{82B20203-FDC5-4462-A7D0-2BC7FF5866B9}.Debug|Any CPU.ActiveCfg = Debug|Any CPU
		{82B20203-FDC5-4462-A7D0-2BC7FF5866B9}.Debug|Any CPU.Build.0 = Debug|Any CPU
		{82B20203-FDC5-4462-A7D0-2BC7FF5866B9}.Debug|x64.ActiveCfg = Debug|Any CPU
		{82B20203-FDC5-4462-A7D0-2BC7FF5866B9}.Debug|x64.Build.0 = Debug|Any CPU
		{82B20203-FDC5-4462-A7D0-2BC7FF5866B9}.Debug|x86.ActiveCfg = Debug|Any CPU
		{82B20203-FDC5-4462-A7D0-2BC7FF5866B9}.Debug|x86.Build.0 = Debug|Any CPU
		{82B20203-FDC5-4462-A7D0-2BC7FF5866B9}.Release|Any CPU.ActiveCfg = Release|Any CPU
		{82B20203-FDC5-4462-A7D0-2BC7FF5866B9}.Release|Any CPU.Build.0 = Release|Any CPU
		{82B20203-FDC5-4462-A7D0-2BC7FF5866B9}.Release|x64.ActiveCfg = Release|Any CPU
		{82B20203-FDC5-4462-A7D0-2BC7FF5866B9}.Release|x64.Build.0 = Release|Any CPU
		{82B20203-FDC5-4462-A7D0-2BC7FF5866B9}.Release|x86.ActiveCfg = Release|Any CPU
		{82B20203-FDC5-4462-A7D0-2BC7FF5866B9}.Release|x86.Build.0 = Release|Any CPU
		{E25BC55E-BE3A-49C4-ACAF-D2E235515E6A}.Debug|Any CPU.ActiveCfg = Debug|Any CPU
		{E25BC55E-BE3A-49C4-ACAF-D2E235515E6A}.Debug|Any CPU.Build.0 = Debug|Any CPU
		{E25BC55E-BE3A-49C4-ACAF-D2E235515E6A}.Debug|x64.ActiveCfg = Debug|Any CPU
		{E25BC55E-BE3A-49C4-ACAF-D2E235515E6A}.Debug|x64.Build.0 = Debug|Any CPU
		{E25BC55E-BE3A-49C4-ACAF-D2E235515E6A}.Debug|x86.ActiveCfg = Debug|Any CPU
		{E25BC55E-BE3A-49C4-ACAF-D2E235515E6A}.Debug|x86.Build.0 = Debug|Any CPU
		{E25BC55E-BE3A-49C4-ACAF-D2E235515E6A}.Release|Any CPU.ActiveCfg = Release|Any CPU
		{E25BC55E-BE3A-49C4-ACAF-D2E235515E6A}.Release|Any CPU.Build.0 = Release|Any CPU
		{E25BC55E-BE3A-49C4-ACAF-D2E235515E6A}.Release|x64.ActiveCfg = Release|Any CPU
		{E25BC55E-BE3A-49C4-ACAF-D2E235515E6A}.Release|x64.Build.0 = Release|Any CPU
		{E25BC55E-BE3A-49C4-ACAF-D2E235515E6A}.Release|x86.ActiveCfg = Release|Any CPU
		{E25BC55E-BE3A-49C4-ACAF-D2E235515E6A}.Release|x86.Build.0 = Release|Any CPU
		{6A576157-A970-4D63-A5F5-7E925F9A51A3}.Debug|Any CPU.ActiveCfg = Debug|Any CPU
		{6A576157-A970-4D63-A5F5-7E925F9A51A3}.Debug|Any CPU.Build.0 = Debug|Any CPU
		{6A576157-A970-4D63-A5F5-7E925F9A51A3}.Debug|x64.ActiveCfg = Debug|Any CPU
		{6A576157-A970-4D63-A5F5-7E925F9A51A3}.Debug|x64.Build.0 = Debug|Any CPU
		{6A576157-A970-4D63-A5F5-7E925F9A51A3}.Debug|x86.ActiveCfg = Debug|Any CPU
		{6A576157-A970-4D63-A5F5-7E925F9A51A3}.Debug|x86.Build.0 = Debug|Any CPU
		{6A576157-A970-4D63-A5F5-7E925F9A51A3}.Release|Any CPU.ActiveCfg = Release|Any CPU
		{6A576157-A970-4D63-A5F5-7E925F9A51A3}.Release|Any CPU.Build.0 = Release|Any CPU
		{6A576157-A970-4D63-A5F5-7E925F9A51A3}.Release|x64.ActiveCfg = Release|Any CPU
		{6A576157-A970-4D63-A5F5-7E925F9A51A3}.Release|x64.Build.0 = Release|Any CPU
		{6A576157-A970-4D63-A5F5-7E925F9A51A3}.Release|x86.ActiveCfg = Release|Any CPU
		{6A576157-A970-4D63-A5F5-7E925F9A51A3}.Release|x86.Build.0 = Release|Any CPU
		{AE0EA146-EFB2-4A45-8665-9C276EA58B73}.Debug|Any CPU.ActiveCfg = Debug|Any CPU
		{AE0EA146-EFB2-4A45-8665-9C276EA58B73}.Debug|Any CPU.Build.0 = Debug|Any CPU
		{AE0EA146-EFB2-4A45-8665-9C276EA58B73}.Debug|x64.ActiveCfg = Debug|Any CPU
		{AE0EA146-EFB2-4A45-8665-9C276EA58B73}.Debug|x64.Build.0 = Debug|Any CPU
		{AE0EA146-EFB2-4A45-8665-9C276EA58B73}.Debug|x86.ActiveCfg = Debug|Any CPU
		{AE0EA146-EFB2-4A45-8665-9C276EA58B73}.Debug|x86.Build.0 = Debug|Any CPU
		{AE0EA146-EFB2-4A45-8665-9C276EA58B73}.Release|Any CPU.ActiveCfg = Release|Any CPU
		{AE0EA146-EFB2-4A45-8665-9C276EA58B73}.Release|Any CPU.Build.0 = Release|Any CPU
		{AE0EA146-EFB2-4A45-8665-9C276EA58B73}.Release|x64.ActiveCfg = Release|Any CPU
		{AE0EA146-EFB2-4A45-8665-9C276EA58B73}.Release|x64.Build.0 = Release|Any CPU
		{AE0EA146-EFB2-4A45-8665-9C276EA58B73}.Release|x86.ActiveCfg = Release|Any CPU
		{AE0EA146-EFB2-4A45-8665-9C276EA58B73}.Release|x86.Build.0 = Release|Any CPU
		{47CCB067-608E-4BDF-835B-F7B4A77FEAA9}.Debug|Any CPU.ActiveCfg = Debug|Any CPU
		{47CCB067-608E-4BDF-835B-F7B4A77FEAA9}.Debug|Any CPU.Build.0 = Debug|Any CPU
		{47CCB067-608E-4BDF-835B-F7B4A77FEAA9}.Debug|x64.ActiveCfg = Debug|Any CPU
		{47CCB067-608E-4BDF-835B-F7B4A77FEAA9}.Debug|x64.Build.0 = Debug|Any CPU
		{47CCB067-608E-4BDF-835B-F7B4A77FEAA9}.Debug|x86.ActiveCfg = Debug|Any CPU
		{47CCB067-608E-4BDF-835B-F7B4A77FEAA9}.Debug|x86.Build.0 = Debug|Any CPU
		{47CCB067-608E-4BDF-835B-F7B4A77FEAA9}.Release|Any CPU.ActiveCfg = Release|Any CPU
		{47CCB067-608E-4BDF-835B-F7B4A77FEAA9}.Release|Any CPU.Build.0 = Release|Any CPU
		{47CCB067-608E-4BDF-835B-F7B4A77FEAA9}.Release|x64.ActiveCfg = Release|Any CPU
		{47CCB067-608E-4BDF-835B-F7B4A77FEAA9}.Release|x64.Build.0 = Release|Any CPU
		{47CCB067-608E-4BDF-835B-F7B4A77FEAA9}.Release|x86.ActiveCfg = Release|Any CPU
		{47CCB067-608E-4BDF-835B-F7B4A77FEAA9}.Release|x86.Build.0 = Release|Any CPU
		{C174ADDA-FE8E-452B-84B4-E1A1F5A38138}.Debug|Any CPU.ActiveCfg = Debug|Any CPU
		{C174ADDA-FE8E-452B-84B4-E1A1F5A38138}.Debug|Any CPU.Build.0 = Debug|Any CPU
		{C174ADDA-FE8E-452B-84B4-E1A1F5A38138}.Debug|x64.ActiveCfg = Debug|Any CPU
		{C174ADDA-FE8E-452B-84B4-E1A1F5A38138}.Debug|x64.Build.0 = Debug|Any CPU
		{C174ADDA-FE8E-452B-84B4-E1A1F5A38138}.Debug|x86.ActiveCfg = Debug|Any CPU
		{C174ADDA-FE8E-452B-84B4-E1A1F5A38138}.Debug|x86.Build.0 = Debug|Any CPU
		{C174ADDA-FE8E-452B-84B4-E1A1F5A38138}.Release|Any CPU.ActiveCfg = Release|Any CPU
		{C174ADDA-FE8E-452B-84B4-E1A1F5A38138}.Release|Any CPU.Build.0 = Release|Any CPU
		{C174ADDA-FE8E-452B-84B4-E1A1F5A38138}.Release|x64.ActiveCfg = Release|Any CPU
		{C174ADDA-FE8E-452B-84B4-E1A1F5A38138}.Release|x64.Build.0 = Release|Any CPU
		{C174ADDA-FE8E-452B-84B4-E1A1F5A38138}.Release|x86.ActiveCfg = Release|Any CPU
		{C174ADDA-FE8E-452B-84B4-E1A1F5A38138}.Release|x86.Build.0 = Release|Any CPU
		{06016EE6-CFA2-4905-8931-20CE2EF3C1B0}.Debug|Any CPU.ActiveCfg = Debug|Any CPU
		{06016EE6-CFA2-4905-8931-20CE2EF3C1B0}.Debug|Any CPU.Build.0 = Debug|Any CPU
		{06016EE6-CFA2-4905-8931-20CE2EF3C1B0}.Debug|x64.ActiveCfg = Debug|Any CPU
		{06016EE6-CFA2-4905-8931-20CE2EF3C1B0}.Debug|x64.Build.0 = Debug|Any CPU
		{06016EE6-CFA2-4905-8931-20CE2EF3C1B0}.Debug|x86.ActiveCfg = Debug|Any CPU
		{06016EE6-CFA2-4905-8931-20CE2EF3C1B0}.Debug|x86.Build.0 = Debug|Any CPU
		{06016EE6-CFA2-4905-8931-20CE2EF3C1B0}.Release|Any CPU.ActiveCfg = Release|Any CPU
		{06016EE6-CFA2-4905-8931-20CE2EF3C1B0}.Release|Any CPU.Build.0 = Release|Any CPU
		{06016EE6-CFA2-4905-8931-20CE2EF3C1B0}.Release|x64.ActiveCfg = Release|Any CPU
		{06016EE6-CFA2-4905-8931-20CE2EF3C1B0}.Release|x64.Build.0 = Release|Any CPU
		{06016EE6-CFA2-4905-8931-20CE2EF3C1B0}.Release|x86.ActiveCfg = Release|Any CPU
		{06016EE6-CFA2-4905-8931-20CE2EF3C1B0}.Release|x86.Build.0 = Release|Any CPU
		{D390E9F8-8E32-48FB-BC56-56ED451F2F5A}.Debug|Any CPU.ActiveCfg = Debug|Any CPU
		{D390E9F8-8E32-48FB-BC56-56ED451F2F5A}.Debug|Any CPU.Build.0 = Debug|Any CPU
		{D390E9F8-8E32-48FB-BC56-56ED451F2F5A}.Debug|x64.ActiveCfg = Debug|Any CPU
		{D390E9F8-8E32-48FB-BC56-56ED451F2F5A}.Debug|x64.Build.0 = Debug|Any CPU
		{D390E9F8-8E32-48FB-BC56-56ED451F2F5A}.Debug|x86.ActiveCfg = Debug|Any CPU
		{D390E9F8-8E32-48FB-BC56-56ED451F2F5A}.Debug|x86.Build.0 = Debug|Any CPU
		{D390E9F8-8E32-48FB-BC56-56ED451F2F5A}.Release|Any CPU.ActiveCfg = Release|Any CPU
		{D390E9F8-8E32-48FB-BC56-56ED451F2F5A}.Release|Any CPU.Build.0 = Release|Any CPU
		{D390E9F8-8E32-48FB-BC56-56ED451F2F5A}.Release|x64.ActiveCfg = Release|Any CPU
		{D390E9F8-8E32-48FB-BC56-56ED451F2F5A}.Release|x64.Build.0 = Release|Any CPU
		{D390E9F8-8E32-48FB-BC56-56ED451F2F5A}.Release|x86.ActiveCfg = Release|Any CPU
		{D390E9F8-8E32-48FB-BC56-56ED451F2F5A}.Release|x86.Build.0 = Release|Any CPU
		{89DDEE6D-6212-46C2-8EFD-334D73C669B6}.Debug|Any CPU.ActiveCfg = Debug|Any CPU
		{89DDEE6D-6212-46C2-8EFD-334D73C669B6}.Debug|Any CPU.Build.0 = Debug|Any CPU
		{89DDEE6D-6212-46C2-8EFD-334D73C669B6}.Debug|x64.ActiveCfg = Debug|Any CPU
		{89DDEE6D-6212-46C2-8EFD-334D73C669B6}.Debug|x64.Build.0 = Debug|Any CPU
		{89DDEE6D-6212-46C2-8EFD-334D73C669B6}.Debug|x86.ActiveCfg = Debug|Any CPU
		{89DDEE6D-6212-46C2-8EFD-334D73C669B6}.Debug|x86.Build.0 = Debug|Any CPU
		{89DDEE6D-6212-46C2-8EFD-334D73C669B6}.Release|Any CPU.ActiveCfg = Release|Any CPU
		{89DDEE6D-6212-46C2-8EFD-334D73C669B6}.Release|Any CPU.Build.0 = Release|Any CPU
		{89DDEE6D-6212-46C2-8EFD-334D73C669B6}.Release|x64.ActiveCfg = Release|Any CPU
		{89DDEE6D-6212-46C2-8EFD-334D73C669B6}.Release|x64.Build.0 = Release|Any CPU
		{89DDEE6D-6212-46C2-8EFD-334D73C669B6}.Release|x86.ActiveCfg = Release|Any CPU
		{89DDEE6D-6212-46C2-8EFD-334D73C669B6}.Release|x86.Build.0 = Release|Any CPU
		{08BA0272-770D-4A81-B692-77C88303001F}.Debug|Any CPU.ActiveCfg = Debug|Any CPU
		{08BA0272-770D-4A81-B692-77C88303001F}.Debug|Any CPU.Build.0 = Debug|Any CPU
		{08BA0272-770D-4A81-B692-77C88303001F}.Debug|x64.ActiveCfg = Debug|Any CPU
		{08BA0272-770D-4A81-B692-77C88303001F}.Debug|x64.Build.0 = Debug|Any CPU
		{08BA0272-770D-4A81-B692-77C88303001F}.Debug|x86.ActiveCfg = Debug|Any CPU
		{08BA0272-770D-4A81-B692-77C88303001F}.Debug|x86.Build.0 = Debug|Any CPU
		{08BA0272-770D-4A81-B692-77C88303001F}.Release|Any CPU.ActiveCfg = Release|Any CPU
		{08BA0272-770D-4A81-B692-77C88303001F}.Release|Any CPU.Build.0 = Release|Any CPU
		{08BA0272-770D-4A81-B692-77C88303001F}.Release|x64.ActiveCfg = Release|Any CPU
		{08BA0272-770D-4A81-B692-77C88303001F}.Release|x64.Build.0 = Release|Any CPU
		{08BA0272-770D-4A81-B692-77C88303001F}.Release|x86.ActiveCfg = Release|Any CPU
		{08BA0272-770D-4A81-B692-77C88303001F}.Release|x86.Build.0 = Release|Any CPU
		{417CA06D-8840-430B-B254-47775B088369}.Debug|Any CPU.ActiveCfg = Debug|Any CPU
		{417CA06D-8840-430B-B254-47775B088369}.Debug|Any CPU.Build.0 = Debug|Any CPU
		{417CA06D-8840-430B-B254-47775B088369}.Debug|x64.ActiveCfg = Debug|Any CPU
		{417CA06D-8840-430B-B254-47775B088369}.Debug|x64.Build.0 = Debug|Any CPU
		{417CA06D-8840-430B-B254-47775B088369}.Debug|x86.ActiveCfg = Debug|Any CPU
		{417CA06D-8840-430B-B254-47775B088369}.Debug|x86.Build.0 = Debug|Any CPU
		{417CA06D-8840-430B-B254-47775B088369}.Release|Any CPU.ActiveCfg = Release|Any CPU
		{417CA06D-8840-430B-B254-47775B088369}.Release|Any CPU.Build.0 = Release|Any CPU
		{417CA06D-8840-430B-B254-47775B088369}.Release|x64.ActiveCfg = Release|Any CPU
		{417CA06D-8840-430B-B254-47775B088369}.Release|x64.Build.0 = Release|Any CPU
		{417CA06D-8840-430B-B254-47775B088369}.Release|x86.ActiveCfg = Release|Any CPU
		{417CA06D-8840-430B-B254-47775B088369}.Release|x86.Build.0 = Release|Any CPU
		{5FAB8BD7-1B47-4A80-A9E4-BF229F5BEA8F}.Debug|Any CPU.ActiveCfg = Debug|Any CPU
		{5FAB8BD7-1B47-4A80-A9E4-BF229F5BEA8F}.Debug|Any CPU.Build.0 = Debug|Any CPU
		{5FAB8BD7-1B47-4A80-A9E4-BF229F5BEA8F}.Debug|x64.ActiveCfg = Debug|Any CPU
		{5FAB8BD7-1B47-4A80-A9E4-BF229F5BEA8F}.Debug|x64.Build.0 = Debug|Any CPU
		{5FAB8BD7-1B47-4A80-A9E4-BF229F5BEA8F}.Debug|x86.ActiveCfg = Debug|Any CPU
		{5FAB8BD7-1B47-4A80-A9E4-BF229F5BEA8F}.Debug|x86.Build.0 = Debug|Any CPU
		{5FAB8BD7-1B47-4A80-A9E4-BF229F5BEA8F}.Release|Any CPU.ActiveCfg = Release|Any CPU
		{5FAB8BD7-1B47-4A80-A9E4-BF229F5BEA8F}.Release|Any CPU.Build.0 = Release|Any CPU
		{5FAB8BD7-1B47-4A80-A9E4-BF229F5BEA8F}.Release|x64.ActiveCfg = Release|Any CPU
		{5FAB8BD7-1B47-4A80-A9E4-BF229F5BEA8F}.Release|x64.Build.0 = Release|Any CPU
		{5FAB8BD7-1B47-4A80-A9E4-BF229F5BEA8F}.Release|x86.ActiveCfg = Release|Any CPU
		{5FAB8BD7-1B47-4A80-A9E4-BF229F5BEA8F}.Release|x86.Build.0 = Release|Any CPU
		{F1FB5DAD-6928-44F9-95C6-881FC797F719}.Debug|Any CPU.ActiveCfg = Debug|Any CPU
		{F1FB5DAD-6928-44F9-95C6-881FC797F719}.Debug|Any CPU.Build.0 = Debug|Any CPU
		{F1FB5DAD-6928-44F9-95C6-881FC797F719}.Debug|x64.ActiveCfg = Debug|Any CPU
		{F1FB5DAD-6928-44F9-95C6-881FC797F719}.Debug|x64.Build.0 = Debug|Any CPU
		{F1FB5DAD-6928-44F9-95C6-881FC797F719}.Debug|x86.ActiveCfg = Debug|Any CPU
		{F1FB5DAD-6928-44F9-95C6-881FC797F719}.Debug|x86.Build.0 = Debug|Any CPU
		{F1FB5DAD-6928-44F9-95C6-881FC797F719}.Release|Any CPU.ActiveCfg = Release|Any CPU
		{F1FB5DAD-6928-44F9-95C6-881FC797F719}.Release|Any CPU.Build.0 = Release|Any CPU
		{F1FB5DAD-6928-44F9-95C6-881FC797F719}.Release|x64.ActiveCfg = Release|Any CPU
		{F1FB5DAD-6928-44F9-95C6-881FC797F719}.Release|x64.Build.0 = Release|Any CPU
		{F1FB5DAD-6928-44F9-95C6-881FC797F719}.Release|x86.ActiveCfg = Release|Any CPU
		{F1FB5DAD-6928-44F9-95C6-881FC797F719}.Release|x86.Build.0 = Release|Any CPU
		{22574600-7350-4A79-8EB2-9DC09C7CD9D7}.Debug|Any CPU.ActiveCfg = Debug|Any CPU
		{22574600-7350-4A79-8EB2-9DC09C7CD9D7}.Debug|Any CPU.Build.0 = Debug|Any CPU
		{22574600-7350-4A79-8EB2-9DC09C7CD9D7}.Debug|x64.ActiveCfg = Debug|Any CPU
		{22574600-7350-4A79-8EB2-9DC09C7CD9D7}.Debug|x64.Build.0 = Debug|Any CPU
		{22574600-7350-4A79-8EB2-9DC09C7CD9D7}.Debug|x86.ActiveCfg = Debug|Any CPU
		{22574600-7350-4A79-8EB2-9DC09C7CD9D7}.Debug|x86.Build.0 = Debug|Any CPU
		{22574600-7350-4A79-8EB2-9DC09C7CD9D7}.Release|Any CPU.ActiveCfg = Release|Any CPU
		{22574600-7350-4A79-8EB2-9DC09C7CD9D7}.Release|Any CPU.Build.0 = Release|Any CPU
		{22574600-7350-4A79-8EB2-9DC09C7CD9D7}.Release|x64.ActiveCfg = Release|Any CPU
		{22574600-7350-4A79-8EB2-9DC09C7CD9D7}.Release|x64.Build.0 = Release|Any CPU
		{22574600-7350-4A79-8EB2-9DC09C7CD9D7}.Release|x86.ActiveCfg = Release|Any CPU
		{22574600-7350-4A79-8EB2-9DC09C7CD9D7}.Release|x86.Build.0 = Release|Any CPU
		{D782C2EF-CD26-4B8C-9AA5-3805BC940128}.Debug|Any CPU.ActiveCfg = Debug|Any CPU
		{D782C2EF-CD26-4B8C-9AA5-3805BC940128}.Debug|Any CPU.Build.0 = Debug|Any CPU
		{D782C2EF-CD26-4B8C-9AA5-3805BC940128}.Debug|x64.ActiveCfg = Debug|Any CPU
		{D782C2EF-CD26-4B8C-9AA5-3805BC940128}.Debug|x64.Build.0 = Debug|Any CPU
		{D782C2EF-CD26-4B8C-9AA5-3805BC940128}.Debug|x86.ActiveCfg = Debug|Any CPU
		{D782C2EF-CD26-4B8C-9AA5-3805BC940128}.Debug|x86.Build.0 = Debug|Any CPU
		{D782C2EF-CD26-4B8C-9AA5-3805BC940128}.Release|Any CPU.ActiveCfg = Release|Any CPU
		{D782C2EF-CD26-4B8C-9AA5-3805BC940128}.Release|Any CPU.Build.0 = Release|Any CPU
		{D782C2EF-CD26-4B8C-9AA5-3805BC940128}.Release|x64.ActiveCfg = Release|Any CPU
		{D782C2EF-CD26-4B8C-9AA5-3805BC940128}.Release|x64.Build.0 = Release|Any CPU
		{D782C2EF-CD26-4B8C-9AA5-3805BC940128}.Release|x86.ActiveCfg = Release|Any CPU
		{D782C2EF-CD26-4B8C-9AA5-3805BC940128}.Release|x86.Build.0 = Release|Any CPU
	EndGlobalSection
	GlobalSection(SolutionProperties) = preSolution
		HideSolutionNode = FALSE
	EndGlobalSection
	GlobalSection(ExtensibilityGlobals) = postSolution
		SolutionGuid = {8EA9E704-BD11-4003-A6DE-44FFEFF4C300}
	EndGlobalSection
EndGlobal
