Microsoft Visual Studio Solution File, Format Version 12.00
# Visual Studio Version 16
VisualStudioVersion = 16.0.0.0
MinimumVisualStudioVersion = 16.0.0.0
Project("{9A19103F-16F7-4668-BE54-9A1E7A4F7556}") = "ThriveDevCenter.Server", "Server\ThriveDevCenter.Server.csproj", "{0A1B2756-F002-40D9-A557-285AC59CDF17}"
EndProject
Project("{9A19103F-16F7-4668-BE54-9A1E7A4F7556}") = "ThriveDevCenter.Client", "Client\ThriveDevCenter.Client.csproj", "{84B61735-6CFC-4EBE-AE84-3B6538683898}"
EndProject
Project("{9A19103F-16F7-4668-BE54-9A1E7A4F7556}") = "ThriveDevCenter.Shared", "Shared\ThriveDevCenter.Shared.csproj", "{82B20203-FDC5-4462-A7D0-2BC7FF5866B9}"
EndProject
Project("{FAE04EC0-301F-11D3-BF4B-00C04F79EFBC}") = "ThriveDevCenter.Shared.Tests", "Shared.Tests\ThriveDevCenter.Shared.Tests.csproj", "{E25BC55E-BE3A-49C4-ACAF-D2E235515E6A}"
EndProject
Global
	GlobalSection(SolutionConfigurationPlatforms) = preSolution
		Debug|Any CPU = Debug|Any CPU
		Debug|x64 = Debug|x64
		Debug|x86 = Debug|x86
		Release|Any CPU = Release|Any CPU
		Release|x64 = Release|x64
		Release|x86 = Release|x86
	EndGlobalSection
	GlobalSection(ProjectConfigurationPlatforms) = postSolution
		{84B61735-6CFC-4EBE-AE84-3B6538683898}.Debug|Any CPU.ActiveCfg = Debug|Any CPU
		{84B61735-6CFC-4EBE-AE84-3B6538683898}.Debug|Any CPU.Build.0 = Debug|Any CPU
		{84B61735-6CFC-4EBE-AE84-3B6538683898}.Debug|x64.ActiveCfg = Debug|Any CPU
		{84B61735-6CFC-4EBE-AE84-3B6538683898}.Debug|x64.Build.0 = Debug|Any CPU
		{84B61735-6CFC-4EBE-AE84-3B6538683898}.Debug|x86.ActiveCfg = Debug|Any CPU
		{84B61735-6CFC-4EBE-AE84-3B6538683898}.Debug|x86.Build.0 = Debug|Any CPU
		{84B61735-6CFC-4EBE-AE84-3B6538683898}.Release|Any CPU.ActiveCfg = Release|Any CPU
		{84B61735-6CFC-4EBE-AE84-3B6538683898}.Release|Any CPU.Build.0 = Release|Any CPU
		{84B61735-6CFC-4EBE-AE84-3B6538683898}.Release|x64.ActiveCfg = Release|Any CPU
		{84B61735-6CFC-4EBE-AE84-3B6538683898}.Release|x64.Build.0 = Release|Any CPU
		{84B61735-6CFC-4EBE-AE84-3B6538683898}.Release|x86.ActiveCfg = Release|Any CPU
		{84B61735-6CFC-4EBE-AE84-3B6538683898}.Release|x86.Build.0 = Release|Any CPU
		{0A1B2756-F002-40D9-A557-285AC59CDF17}.Debug|Any CPU.ActiveCfg = Debug|Any CPU
		{0A1B2756-F002-40D9-A557-285AC59CDF17}.Debug|Any CPU.Build.0 = Debug|Any CPU
		{0A1B2756-F002-40D9-A557-285AC59CDF17}.Debug|x64.ActiveCfg = Debug|Any CPU
		{0A1B2756-F002-40D9-A557-285AC59CDF17}.Debug|x64.Build.0 = Debug|Any CPU
		{0A1B2756-F002-40D9-A557-285AC59CDF17}.Debug|x86.ActiveCfg = Debug|Any CPU
		{0A1B2756-F002-40D9-A557-285AC59CDF17}.Debug|x86.Build.0 = Debug|Any CPU
		{0A1B2756-F002-40D9-A557-285AC59CDF17}.Release|Any CPU.ActiveCfg = Release|Any CPU
		{0A1B2756-F002-40D9-A557-285AC59CDF17}.Release|Any CPU.Build.0 = Release|Any CPU
		{0A1B2756-F002-40D9-A557-285AC59CDF17}.Release|x64.ActiveCfg = Release|Any CPU
		{0A1B2756-F002-40D9-A557-285AC59CDF17}.Release|x64.Build.0 = Release|Any CPU
		{0A1B2756-F002-40D9-A557-285AC59CDF17}.Release|x86.ActiveCfg = Release|Any CPU
		{0A1B2756-F002-40D9-A557-285AC59CDF17}.Release|x86.Build.0 = Release|Any CPU
		{82B20203-FDC5-4462-A7D0-2BC7FF5866B9}.Debug|Any CPU.ActiveCfg = Debug|Any CPU
		{82B20203-FDC5-4462-A7D0-2BC7FF5866B9}.Debug|Any CPU.Build.0 = Debug|Any CPU
		{82B20203-FDC5-4462-A7D0-2BC7FF5866B9}.Debug|x64.ActiveCfg = Debug|Any CPU
		{82B20203-FDC5-4462-A7D0-2BC7FF5866B9}.Debug|x64.Build.0 = Debug|Any CPU
		{82B20203-FDC5-4462-A7D0-2BC7FF5866B9}.Debug|x86.ActiveCfg = Debug|Any CPU
		{82B20203-FDC5-4462-A7D0-2BC7FF5866B9}.Debug|x86.Build.0 = Debug|Any CPU
		{82B20203-FDC5-4462-A7D0-2BC7FF5866B9}.Release|Any CPU.ActiveCfg = Release|Any CPU
		{82B20203-FDC5-4462-A7D0-2BC7FF5866B9}.Release|Any CPU.Build.0 = Release|Any CPU
		{82B20203-FDC5-4462-A7D0-2BC7FF5866B9}.Release|x64.ActiveCfg = Release|Any CPU
		{82B20203-FDC5-4462-A7D0-2BC7FF5866B9}.Release|x64.Build.0 = Release|Any CPU
		{82B20203-FDC5-4462-A7D0-2BC7FF5866B9}.Release|x86.ActiveCfg = Release|Any CPU
		{82B20203-FDC5-4462-A7D0-2BC7FF5866B9}.Release|x86.Build.0 = Release|Any CPU
		{E25BC55E-BE3A-49C4-ACAF-D2E235515E6A}.Debug|Any CPU.ActiveCfg = Debug|Any CPU
		{E25BC55E-BE3A-49C4-ACAF-D2E235515E6A}.Debug|Any CPU.Build.0 = Debug|Any CPU
		{E25BC55E-BE3A-49C4-ACAF-D2E235515E6A}.Debug|x64.ActiveCfg = Debug|Any CPU
		{E25BC55E-BE3A-49C4-ACAF-D2E235515E6A}.Debug|x64.Build.0 = Debug|Any CPU
		{E25BC55E-BE3A-49C4-ACAF-D2E235515E6A}.Debug|x86.ActiveCfg = Debug|Any CPU
		{E25BC55E-BE3A-49C4-ACAF-D2E235515E6A}.Debug|x86.Build.0 = Debug|Any CPU
		{E25BC55E-BE3A-49C4-ACAF-D2E235515E6A}.Release|Any CPU.ActiveCfg = Release|Any CPU
		{E25BC55E-BE3A-49C4-ACAF-D2E235515E6A}.Release|Any CPU.Build.0 = Release|Any CPU
		{E25BC55E-BE3A-49C4-ACAF-D2E235515E6A}.Release|x64.ActiveCfg = Release|Any CPU
		{E25BC55E-BE3A-49C4-ACAF-D2E235515E6A}.Release|x64.Build.0 = Release|Any CPU
		{E25BC55E-BE3A-49C4-ACAF-D2E235515E6A}.Release|x86.ActiveCfg = Release|Any CPU
		{E25BC55E-BE3A-49C4-ACAF-D2E235515E6A}.Release|x86.Build.0 = Release|Any CPU
	EndGlobalSection
	GlobalSection(SolutionProperties) = preSolution
		HideSolutionNode = FALSE
	EndGlobalSection
	GlobalSection(ExtensibilityGlobals) = postSolution
		SolutionGuid = {8EA9E704-BD11-4003-A6DE-44FFEFF4C300}
	EndGlobalSection
EndGlobal
